
Microsoft Visual Studio Solution File, Format Version 12.00
# Visual Studio Version 17
VisualStudioVersion = 17.10.35013.160
MinimumVisualStudioVersion = 10.0.40219.1
Project("{FAE04EC0-301F-11D3-BF4B-00C04F79EFBC}") = "Manager", "AdoNet\Manager.csproj", "{83B6E01F-F5AB-488A-8B2E-311537E55260}"
EndProject
Global
	GlobalSection(SolutionConfigurationPlatforms) = preSolution
		Debug|Any CPU = Debug|Any CPU
		Release|Any CPU = Release|Any CPU
	EndGlobalSection
	GlobalSection(ProjectConfigurationPlatforms) = postSolution
		{83B6E01F-F5AB-488A-8B2E-311537E55260}.Debug|Any CPU.ActiveCfg = Debug|Any CPU
		{83B6E01F-F5AB-488A-8B2E-311537E55260}.Debug|Any CPU.Build.0 = Debug|Any CPU
		{83B6E01F-F5AB-488A-8B2E-311537E55260}.Release|Any CPU.ActiveCfg = Release|Any CPU
		{83B6E01F-F5AB-488A-8B2E-311537E55260}.Release|Any CPU.Build.0 = Release|Any CPU
	EndGlobalSection
	GlobalSection(SolutionProperties) = preSolution
		HideSolutionNode = FALSE
	EndGlobalSection
	GlobalSection(ExtensibilityGlobals) = postSolution
		SolutionGuid = {5A6F21B7-5BA3-4694-9F2C-995A3D556416}
	EndGlobalSection
EndGlobal
